
Microsoft Visual Studio Solution File, Format Version 12.00
# Visual Studio 2012
Project("{FAE04EC0-301F-11D3-BF4B-00C04F79EFBC}") = "FindPrice", "FindPrice\FindPrice.csproj", "{419D562C-66B6-4B75-9841-6AF642D44785}"
EndProject
Project("{FAE04EC0-301F-11D3-BF4B-00C04F79EFBC}") = "SearchMomo", "SearchMomo\SearchMomo.csproj", "{4BC1631A-A272-499B-B75B-768C10E95C7E}"
EndProject
Project("{FAE04EC0-301F-11D3-BF4B-00C04F79EFBC}") = "SearchPchome", "SearchPchome\SearchPchome.csproj", "{4D124304-635E-4001-A3A7-B51A6D84A1BE}"
EndProject
Project("{FAE04EC0-301F-11D3-BF4B-00C04F79EFBC}") = "ProductInfo", "ProductInfo\ProductInfo.csproj", "{7B71B80D-737A-465A-AE0F-E1E66D8E5683}"
EndProject
Project("{FAE04EC0-301F-11D3-BF4B-00C04F79EFBC}") = "SearchYahoo", "SearchYahoo\SearchYahoo.csproj", "{B76906AE-A778-40E6-BE34-41AEA5527F40}"
EndProject
Global
	GlobalSection(SolutionConfigurationPlatforms) = preSolution
		Debug|Any CPU = Debug|Any CPU
		Release|Any CPU = Release|Any CPU
	EndGlobalSection
	GlobalSection(ProjectConfigurationPlatforms) = postSolution
		{419D562C-66B6-4B75-9841-6AF642D44785}.Debug|Any CPU.ActiveCfg = Debug|Any CPU
		{419D562C-66B6-4B75-9841-6AF642D44785}.Debug|Any CPU.Build.0 = Debug|Any CPU
		{419D562C-66B6-4B75-9841-6AF642D44785}.Release|Any CPU.ActiveCfg = Release|Any CPU
		{419D562C-66B6-4B75-9841-6AF642D44785}.Release|Any CPU.Build.0 = Release|Any CPU
		{4BC1631A-A272-499B-B75B-768C10E95C7E}.Debug|Any CPU.ActiveCfg = Debug|Any CPU
		{4BC1631A-A272-499B-B75B-768C10E95C7E}.Debug|Any CPU.Build.0 = Debug|Any CPU
		{4BC1631A-A272-499B-B75B-768C10E95C7E}.Release|Any CPU.ActiveCfg = Release|Any CPU
		{4BC1631A-A272-499B-B75B-768C10E95C7E}.Release|Any CPU.Build.0 = Release|Any CPU
		{4D124304-635E-4001-A3A7-B51A6D84A1BE}.Debug|Any CPU.ActiveCfg = Debug|Any CPU
		{4D124304-635E-4001-A3A7-B51A6D84A1BE}.Debug|Any CPU.Build.0 = Debug|Any CPU
		{4D124304-635E-4001-A3A7-B51A6D84A1BE}.Release|Any CPU.ActiveCfg = Release|Any CPU
		{4D124304-635E-4001-A3A7-B51A6D84A1BE}.Release|Any CPU.Build.0 = Release|Any CPU
		{7B71B80D-737A-465A-AE0F-E1E66D8E5683}.Debug|Any CPU.ActiveCfg = Debug|Any CPU
		{7B71B80D-737A-465A-AE0F-E1E66D8E5683}.Debug|Any CPU.Build.0 = Debug|Any CPU
		{7B71B80D-737A-465A-AE0F-E1E66D8E5683}.Release|Any CPU.ActiveCfg = Release|Any CPU
		{7B71B80D-737A-465A-AE0F-E1E66D8E5683}.Release|Any CPU.Build.0 = Release|Any CPU
		{B76906AE-A778-40E6-BE34-41AEA5527F40}.Debug|Any CPU.ActiveCfg = Debug|Any CPU
		{B76906AE-A778-40E6-BE34-41AEA5527F40}.Debug|Any CPU.Build.0 = Debug|Any CPU
		{B76906AE-A778-40E6-BE34-41AEA5527F40}.Release|Any CPU.ActiveCfg = Release|Any CPU
		{B76906AE-A778-40E6-BE34-41AEA5527F40}.Release|Any CPU.Build.0 = Release|Any CPU
	EndGlobalSection
	GlobalSection(SolutionProperties) = preSolution
		HideSolutionNode = FALSE
	EndGlobalSection
EndGlobal
